
Microsoft Visual Studio Solution File, Format Version 12.00
# Visual Studio Version 16
VisualStudioVersion = 16.0.808.5
MinimumVisualStudioVersion = 10.0.40219.1
Project("{FAE04EC0-301F-11D3-BF4B-00C04F79EFBC}") = "413AssignmentOneCarolineHickey", "413AssignmentOneCarolineHickey\413AssignmentOneCarolineHickey.csproj", "{7A650EC0-14B7-4FC5-AF40-40B5D165620A}"
EndProject
Global
	GlobalSection(SolutionConfigurationPlatforms) = preSolution
		Debug|Any CPU = Debug|Any CPU
		Release|Any CPU = Release|Any CPU
	EndGlobalSection
	GlobalSection(ProjectConfigurationPlatforms) = postSolution
		{7A650EC0-14B7-4FC5-AF40-40B5D165620A}.Debug|Any CPU.ActiveCfg = Debug|Any CPU
		{7A650EC0-14B7-4FC5-AF40-40B5D165620A}.Debug|Any CPU.Build.0 = Debug|Any CPU
		{7A650EC0-14B7-4FC5-AF40-40B5D165620A}.Release|Any CPU.ActiveCfg = Release|Any CPU
		{7A650EC0-14B7-4FC5-AF40-40B5D165620A}.Release|Any CPU.Build.0 = Release|Any CPU
	EndGlobalSection
	GlobalSection(SolutionProperties) = preSolution
		HideSolutionNode = FALSE
	EndGlobalSection
	GlobalSection(ExtensibilityGlobals) = postSolution
		SolutionGuid = {98F4E3F8-DFE4-4469-81BF-C6C4F17F75A3}
	EndGlobalSection
EndGlobal
